
Microsoft Visual Studio Solution File, Format Version 12.00
# Visual Studio Version 16
VisualStudioVersion = 16.0.29025.244
MinimumVisualStudioVersion = 10.0.40219.1
Project("{FAE04EC0-301F-11D3-BF4B-00C04F79EFBC}") = "MVCTEST", "MVCTEST\MVCTEST.csproj", "{584DA81C-4EDE-4C97-86C4-E3A18353780D}"
EndProject
Global
	GlobalSection(SolutionConfigurationPlatforms) = preSolution
		Debug|Any CPU = Debug|Any CPU
		Release|Any CPU = Release|Any CPU
	EndGlobalSection
	GlobalSection(ProjectConfigurationPlatforms) = postSolution
		{584DA81C-4EDE-4C97-86C4-E3A18353780D}.Debug|Any CPU.ActiveCfg = Debug|Any CPU
		{584DA81C-4EDE-4C97-86C4-E3A18353780D}.Debug|Any CPU.Build.0 = Debug|Any CPU
		{584DA81C-4EDE-4C97-86C4-E3A18353780D}.Release|Any CPU.ActiveCfg = Release|Any CPU
		{584DA81C-4EDE-4C97-86C4-E3A18353780D}.Release|Any CPU.Build.0 = Release|Any CPU
	EndGlobalSection
	GlobalSection(SolutionProperties) = preSolution
		HideSolutionNode = FALSE
	EndGlobalSection
	GlobalSection(ExtensibilityGlobals) = postSolution
		SolutionGuid = {A12C96D4-5314-4A9F-BDF4-A29E3926FFEA}
	EndGlobalSection
EndGlobal
